
Microsoft Visual Studio Solution File, Format Version 12.00
# Visual Studio Version 17
VisualStudioVersion = 17.5.33530.505
MinimumVisualStudioVersion = 10.0.40219.1
Project("{FAE04EC0-301F-11D3-BF4B-00C04F79EFBC}") = "Week14", "Week14\Week14.csproj", "{EF4C0864-0434-45D4-94E5-5976B50693CA}"
EndProject
Global
	GlobalSection(SolutionConfigurationPlatforms) = preSolution
		Debug|Any CPU = Debug|Any CPU
		Release|Any CPU = Release|Any CPU
	EndGlobalSection
	GlobalSection(ProjectConfigurationPlatforms) = postSolution
		{EF4C0864-0434-45D4-94E5-5976B50693CA}.Debug|Any CPU.ActiveCfg = Debug|Any CPU
		{EF4C0864-0434-45D4-94E5-5976B50693CA}.Debug|Any CPU.Build.0 = Debug|Any CPU
		{EF4C0864-0434-45D4-94E5-5976B50693CA}.Release|Any CPU.ActiveCfg = Release|Any CPU
		{EF4C0864-0434-45D4-94E5-5976B50693CA}.Release|Any CPU.Build.0 = Release|Any CPU
	EndGlobalSection
	GlobalSection(SolutionProperties) = preSolution
		HideSolutionNode = FALSE
	EndGlobalSection
	GlobalSection(ExtensibilityGlobals) = postSolution
		SolutionGuid = {B23BBD1A-1E86-4CCC-80EC-654D7C6A5096}
	EndGlobalSection
EndGlobal
